
Microsoft Visual Studio Solution File, Format Version 12.00
# Visual Studio 2012
Project("{FAE04EC0-301F-11D3-BF4B-00C04F79EFBC}") = "DSKey", "DSKey\DSKey.csproj", "{6E882290-D1BF-41C0-99DF-67FEBA491D21}"
EndProject
Global
	GlobalSection(SolutionConfigurationPlatforms) = preSolution
		Debug|x86 = Debug|x86
		Release|x86 = Release|x86
	EndGlobalSection
	GlobalSection(ProjectConfigurationPlatforms) = postSolution
		{6E882290-D1BF-41C0-99DF-67FEBA491D21}.Debug|x86.ActiveCfg = Debug|x86
		{6E882290-D1BF-41C0-99DF-67FEBA491D21}.Debug|x86.Build.0 = Debug|x86
		{6E882290-D1BF-41C0-99DF-67FEBA491D21}.Release|x86.ActiveCfg = Release|x86
		{6E882290-D1BF-41C0-99DF-67FEBA491D21}.Release|x86.Build.0 = Release|x86
	EndGlobalSection
EndGlobal
